<Solution>
  <Folder Name="/src/" />
  <Folder Name="/src/Backend/">
    <Project Path="src/Backend/API/API.csproj" />
    <Project Path="src/Backend/Application/Application.csproj" />
    <Project Path="src/Backend/Domain/Domain.csproj" />
    <Project Path="src/Backend/Infrastructure/Infrastructure.csproj" />
  </Folder>
  <Folder Name="/tests/">
    <Project Path="tests/Backend.IntegrationTests/Backend.IntegrationTests.csproj" />
    <Project Path="tests/Backend.Tests/Backend.Tests.csproj" />
  </Folder>
</Solution>
